
Microsoft Visual Studio Solution File, Format Version 12.00
# Visual Studio 15
VisualStudioVersion = 15.0.26403.0
MinimumVisualStudioVersion = 10.0.40219.1
Project("{FAE04EC0-301F-11D3-BF4B-00C04F79EFBC}") = "McvMovie", "McvMovie\McvMovie.csproj", "{AB8AC272-89E1-4B6A-B8BF-BD0BC90EE6D2}"
EndProject
Global
	GlobalSection(SolutionConfigurationPlatforms) = preSolution
		Debug|Any CPU = Debug|Any CPU
		Release|Any CPU = Release|Any CPU
	EndGlobalSection
	GlobalSection(ProjectConfigurationPlatforms) = postSolution
		{AB8AC272-89E1-4B6A-B8BF-BD0BC90EE6D2}.Debug|Any CPU.ActiveCfg = Debug|Any CPU
		{AB8AC272-89E1-4B6A-B8BF-BD0BC90EE6D2}.Debug|Any CPU.Build.0 = Debug|Any CPU
		{AB8AC272-89E1-4B6A-B8BF-BD0BC90EE6D2}.Release|Any CPU.ActiveCfg = Release|Any CPU
		{AB8AC272-89E1-4B6A-B8BF-BD0BC90EE6D2}.Release|Any CPU.Build.0 = Release|Any CPU
	EndGlobalSection
	GlobalSection(SolutionProperties) = preSolution
		HideSolutionNode = FALSE
	EndGlobalSection
EndGlobal
